// !$*UTF8*$!
{
	archiveVersion = 1;
	classes = {
	};
	objectVersion = 50;
	objects = {

/* Begin PBXBuildFile section */
		1A7B2F92243C704B001FC394 /* AppDelegate.swift in Sources */ = {isa = PBXBuildFile; fileRef = 1A7B2F91243C704B001FC394 /* AppDelegate.swift */; };
		1A7B2F94243C704B001FC394 /* SceneDelegate.swift in Sources */ = {isa = PBXBuildFile; fileRef = 1A7B2F93243C704B001FC394 /* SceneDelegate.swift */; };
		1A7B2F96243C704B001FC394 /* ViewController.swift in Sources */ = {isa = PBXBuildFile; fileRef = 1A7B2F95243C704B001FC394 /* ViewController.swift */; };
		1A7B2F99243C704B001FC394 /* Main.storyboard in Resources */ = {isa = PBXBuildFile; fileRef = 1A7B2F97243C704B001FC394 /* Main.storyboard */; };
		1A7B2F9B243C704F001FC394 /* Assets.xcassets in Resources */ = {isa = PBXBuildFile; fileRef = 1A7B2F9A243C704F001FC394 /* Assets.xcassets */; };
		1A7B2F9E243C704F001FC394 /* LaunchScreen.storyboard in Resources */ = {isa = PBXBuildFile; fileRef = 1A7B2F9C243C704F001FC394 /* LaunchScreen.storyboard */; };
		1AA6800B243CC61000204FC3 /* CoreLocation.framework in Frameworks */ = {isa = PBXBuildFile; fileRef = 1AA6800A243CC61000204FC3 /* CoreLocation.framework */; };
/* End PBXBuildFile section */

/* Begin PBXFileReference section */
		1A7B2F8E243C704B001FC394 /* flightwithu.app */ = {isa = PBXFileReference; explicitFileType = wrapper.application; includeInIndex = 0; path = flightwithu.app; sourceTree = BUILT_PRODUCTS_DIR; };
		1A7B2F91243C704B001FC394 /* AppDelegate.swift */ = {isa = PBXFileReference; lastKnownFileType = sourcecode.swift; path = AppDelegate.swift; sourceTree = "<group>"; };
		1A7B2F93243C704B001FC394 /* SceneDelegate.swift */ = {isa = PBXFileReference; lastKnownFileType = sourcecode.swift; path = SceneDelegate.swift; sourceTree = "<group>"; };
		1A7B2F95243C704B001FC394 /* ViewController.swift */ = {isa = PBXFileReference; lastKnownFileType = sourcecode.swift; path = ViewController.swift; sourceTree = "<group>"; };
		1A7B2F98243C704B001FC394 /* Base */ = {isa = PBXFileReference; lastKnownFileType = file.storyboard; name = Base; path = Base.lproj/Main.storyboard; sourceTree = "<group>"; };
		1A7B2F9A243C704F001FC394 /* Assets.xcassets */ = {isa = PBXFileReference; lastKnownFileType = folder.assetcatalog; path = Assets.xcassets; sourceTree = "<group>"; };
		1A7B2F9D243C704F001FC394 /* Base */ = {isa = PBXFileReference; lastKnownFileType = file.storyboard; name = Base; path = Base.lproj/LaunchScreen.storyboard; sourceTree = "<group>"; };
		1A7B2F9F243C704F001FC394 /* Info.plist */ = {isa = PBXFileReference; lastKnownFileType = text.plist.xml; path = Info.plist; sourceTree = "<group>"; };
		1AA6800A243CC61000204FC3 /* CoreLocation.framework */ = {isa = PBXFileReference; lastKnownFileType = wrapper.framework; name = CoreLocation.framework; path = System/Library/Frameworks/CoreLocation.framework; sourceTree = SDKROOT; };
/* End PBXFileReference section */

/* Begin PBXFrameworksBuildPhase section */
		1A7B2F8B243C704B001FC394 /* Frameworks */ = {
			isa = PBXFrameworksBuildPhase;
			buildActionMask = 2147483647;
			files = (
				1AA6800B243CC61000204FC3 /* CoreLocation.framework in Frameworks */,
			);
			runOnlyForDeploymentPostprocessing = 0;
		};
/* End PBXFrameworksBuildPhase section */

/* Begin PBXGroup section */
		1A7B2F85243C704A001FC394 = {
			isa = PBXGroup;
			children = (
				1A7B2F90243C704B001FC394 /* flightwithu */,
				1A7B2F8F243C704B001FC394 /* Products */,
				1AA68009243CC61000204FC3 /* Frameworks */,
			);
			sourceTree = "<group>";
		};
		1A7B2F8F243C704B001FC394 /* Products */ = {
			isa = PBXGroup;
			children = (
				1A7B2F8E243C704B001FC394 /* flightwithu.app */,
			);
			name = Products;
			sourceTree = "<group>";
		};
		1A7B2F90243C704B001FC394 /* flightwithu */ = {
			isa = PBXGroup;
			children = (
				1A7B2F91243C704B001FC394 /* AppDelegate.swift */,
				1A7B2F93243C704B001FC394 /* SceneDelegate.swift */,
				1A7B2F95243C704B001FC394 /* ViewController.swift */,
				1A7B2F97243C704B001FC394 /* Main.storyboard */,
				1A7B2F9A243C704F001FC394 /* Assets.xcassets */,
				1A7B2F9C243C704F001FC394 /* LaunchScreen.storyboard */,
				1A7B2F9F243C704F001FC394 /* Info.plist */,
			);
			path = flightwithu;
			sourceTree = "<group>";
		};
		1AA68009243CC61000204FC3 /* Frameworks */ = {
			isa = PBXGroup;
			children = (
				1AA6800A243CC61000204FC3 /* CoreLocation.framework */,
			);
			name = Frameworks;
			sourceTree = "<group>";
		};
/* End PBXGroup section */

/* Begin PBXNativeTarget section */
		1A7B2F8D243C704B001FC394 /* flightwithu */ = {
			isa = PBXNativeTarget;
			buildConfigurationList = 1A7B2FA2243C704F001FC394 /* Build configuration list for PBXNativeTarget "flightwithu" */;
			buildPhases = (
				1A7B2F8A243C704B001FC394 /* Sources */,
				1A7B2F8B243C704B001FC394 /* Frameworks */,
				1A7B2F8C243C704B001FC394 /* Resources */,
			);
			buildRules = (
			);
			dependencies = (
			);
			name = flightwithu;
			productName = flightwithu;
			productReference = 1A7B2F8E243C704B001FC394 /* flightwithu.app */;
			productType = "com.apple.product-type.application";
		};
/* End PBXNativeTarget section */

/* Begin PBXProject section */
		1A7B2F86243C704A001FC394 /* Project object */ = {
			isa = PBXProject;
			attributes = {
				LastSwiftUpdateCheck = 1130;
				LastUpgradeCheck = 1130;
				ORGANIZATIONNAME = "James‘ Mac";
				TargetAttributes = {
					1A7B2F8D243C704B001FC394 = {
						CreatedOnToolsVersion = 11.3.1;
					};
				};
			};
			buildConfigurationList = 1A7B2F89243C704A001FC394 /* Build configuration list for PBXProject "flightwithu" */;
			compatibilityVersion = "Xcode 9.3";
			developmentRegion = en;
			hasScannedForEncodings = 0;
			knownRegions = (
				en,
				Base,
			);
			mainGroup = 1A7B2F85243C704A001FC394;
			productRefGroup = 1A7B2F8F243C704B001FC394 /* Products */;
			projectDirPath = "";
			projectRoot = "";
			targets = (
				1A7B2F8D243C704B001FC394 /* flightwithu */,
			);
		};
/* End PBXProject section */

/* Begin PBXResourcesBuildPhase section */
		1A7B2F8C243C704B001FC394 /* Resources */ = {
			isa = PBXResourcesBuildPhase;
			buildActionMask = 2147483647;
			files = (
				1A7B2F9E243C704F001FC394 /* LaunchScreen.storyboard in Resources */,
				1A7B2F9B243C704F001FC394 /* Assets.xcassets in Resources */,
				1A7B2F99243C704B001FC394 /* Main.storyboard in Resources */,
			);
			runOnlyForDeploymentPostprocessing = 0;
		};
/* End PBXResourcesBuildPhase section */

/* Begin PBXSourcesBuildPhase section */
		1A7B2F8A243C704B001FC394 /* Sources */ = {
			isa = PBXSourcesBuildPhase;
			buildActionMask = 2147483647;
			files = (
				1A7B2F96243C704B001FC394 /* ViewController.swift in Sources */,
				1A7B2F92243C704B001FC394 /* AppDelegate.swift in Sources */,
				1A7B2F94243C704B001FC394 /* SceneDelegate.swift in Sources */,
			);
			runOnlyForDeploymentPostprocessing = 0;
		};
/* End PBXSourcesBuildPhase section */

/* Begin PBXVariantGroup section */
		1A7B2F97243C704B001FC394 /* Main.storyboard */ = {
			isa = PBXVariantGroup;
			children = (
				1A7B2F98243C704B001FC394 /* Base */,
			);
			name = Main.storyboard;
			sourceTree = "<group>";
		};
		1A7B2F9C243C704F001FC394 /* LaunchScreen.storyboard */ = {
			isa = PBXVariantGroup;
			children = (
				1A7B2F9D243C704F001FC394 /* Base */,
			);
			name = LaunchScreen.storyboard;
			sourceTree = "<group>";
		};
/* End PBXVariantGroup section */

/* Begin XCBuildConfiguration section */
		1A7B2FA0243C704F001FC394 /* Debug */ = {
			isa = XCBuildConfiguration;
			buildSettings = {
				ALWAYS_SEARCH_USER_PATHS = NO;
				CLANG_ANALYZER_NONNULL = YES;
				CLANG_ANALYZER_NUMBER_OBJECT_CONVERSION = YES_AGGRESSIVE;
				CLANG_CXX_LANGUAGE_STANDARD = "gnu++14";
				CLANG_CXX_LIBRARY = "libc++";
				CLANG_ENABLE_MODULES = YES;
				CLANG_ENABLE_OBJC_ARC = YES;
				CLANG_ENABLE_OBJC_WEAK = YES;
				CLANG_WARN_BLOCK_CAPTURE_AUTORELEASING = YES;
				CLANG_WARN_BOOL_CONVERSION = YES;
				CLANG_WARN_COMMA = YES;
				CLANG_WARN_CONSTANT_CONVERSION = YES;
				CLANG_WARN_DEPRECATED_OBJC_IMPLEMENTATIONS = YES;
				CLANG_WARN_DIRECT_OBJC_ISA_USAGE = YES_ERROR;
				CLANG_WARN_DOCUMENTATION_COMMENTS = YES;
				CLANG_WARN_EMPTY_BODY = YES;
				CLANG_WARN_ENUM_CONVERSION = YES;
				CLANG_WARN_INFINITE_RECURSION = YES;
				CLANG_WARN_INT_CONVERSION = YES;
				CLANG_WARN_NON_LITERAL_NULL_CONVERSION = YES;
				CLANG_WARN_OBJC_IMPLICIT_RETAIN_SELF = YES;
				CLANG_WARN_OBJC_LITERAL_CONVERSION = YES;
				CLANG_WARN_OBJC_ROOT_CLASS = YES_ERROR;
				CLANG_WARN_RANGE_LOOP_ANALYSIS = YES;
				CLANG_WARN_STRICT_PROTOTYPES = YES;
				CLANG_WARN_SUSPICIOUS_MOVE = YES;
				CLANG_WARN_UNGUARDED_AVAILABILITY = YES_AGGRESSIVE;
				CLANG_WARN_UNREACHABLE_CODE = YES;
				CLANG_WARN__DUPLICATE_METHOD_MATCH = YES;
				COPY_PHASE_STRIP = NO;
				DEBUG_INFORMATION_FORMAT = dwarf;
				ENABLE_STRICT_OBJC_MSGSEND = YES;
				ENABLE_TESTABILITY = YES;
				GCC_C_LANGUAGE_STANDARD = gnu11;
				GCC_DYNAMIC_NO_PIC = NO;
				GCC_NO_COMMON_BLOCKS = YES;
				GCC_OPTIMIZATION_LEVEL = 0;
				GCC_PREPROCESSOR_DEFINITIONS = (
					"DEBUG=1",
					"$(inherited)",
				);
				GCC_WARN_64_TO_32_BIT_CONVERSION = YES;
				GCC_WARN_ABOUT_RETURN_TYPE = YES_ERROR;
				GCC_WARN_UNDECLARED_SELECTOR = YES;
				GCC_WARN_UNINITIALIZED_AUTOS = YES_AGGRESSIVE;
				GCC_WARN_UNUSED_FUNCTION = YES;
				GCC_WARN_UNUSED_VARIABLE = YES;
				IPHONEOS_DEPLOYMENT_TARGET = 13.2;
				MTL_ENABLE_DEBUG_INFO = INCLUDE_SOURCE;
				MTL_FAST_MATH = YES;
				ONLY_ACTIVE_ARCH = YES;
				SDKROOT = iphoneos;
				SWIFT_ACTIVE_COMPILATION_CONDITIONS = DEBUG;
				SWIFT_OPTIMIZATION_LEVEL = "-Onone";
			};
			name = Debug;
		};
		1A7B2FA1243C704F001FC394 /* Release */ = {
			isa = XCBuildConfiguration;
			buildSettings = {
				ALWAYS_SEARCH_USER_PATHS = NO;
				CLANG_ANALYZER_NONNULL = YES;
				CLANG_ANALYZER_NUMBER_OBJECT_CONVERSION = YES_AGGRESSIVE;
				CLANG_CXX_LANGUAGE_STANDARD = "gnu++14";
				CLANG_CXX_LIBRARY = "libc++";
				CLANG_ENABLE_MODULES = YES;
				CLANG_ENABLE_OBJC_ARC = YES;
				CLANG_ENABLE_OBJC_WEAK = YES;
				CLANG_WARN_BLOCK_CAPTURE_AUTORELEASING = YES;
				CLANG_WARN_BOOL_CONVERSION = YES;
				CLANG_WARN_COMMA = YES;
				CLANG_WARN_CONSTANT_CONVERSION = YES;
				CLANG_WARN_DEPRECATED_OBJC_IMPLEMENTATIONS = YES;
				CLANG_WARN_DIRECT_OBJC_ISA_USAGE = YES_ERROR;
				CLANG_WARN_DOCUMENTATION_COMMENTS = YES;
				CLANG_WARN_EMPTY_BODY = YES;
				CLANG_WARN_ENUM_CONVERSION = YES;
				CLANG_WARN_INFINITE_RECURSION = YES;
				CLANG_WARN_INT_CONVERSION = YES;
				CLANG_WARN_NON_LITERAL_NULL_CONVERSION = YES;
				CLANG_WARN_OBJC_IMPLICIT_RETAIN_SELF = YES;
				CLANG_WARN_OBJC_LITERAL_CONVERSION = YES;
				CLANG_WARN_OBJC_ROOT_CLASS = YES_ERROR;
				CLANG_WARN_RANGE_LOOP_ANALYSIS = YES;
				CLANG_WARN_STRICT_PROTOTYPES = YES;
				CLANG_WARN_SUSPICIOUS_MOVE = YES;
				CLANG_WARN_UNGUARDED_AVAILABILITY = YES_AGGRESSIVE;
				CLANG_WARN_UNREACHABLE_CODE = YES;
				CLANG_WARN__DUPLICATE_METHOD_MATCH = YES;
				COPY_PHASE_STRIP = NO;
				DEBUG_INFORMATION_FORMAT = "dwarf-with-dsym";
				ENABLE_NS_ASSERTIONS = NO;
				ENABLE_STRICT_OBJC_MSGSEND = YES;
				GCC_C_LANGUAGE_STANDARD = gnu11;
				GCC_NO_COMMON_BLOCKS = YES;
				GCC_WARN_64_TO_32_BIT_CONVERSION = YES;
				GCC_WARN_ABOUT_RETURN_TYPE = YES_ERROR;
				GCC_WARN_UNDECLARED_SELECTOR = YES;
				GCC_WARN_UNINITIALIZED_AUTOS = YES_AGGRESSIVE;
				GCC_WARN_UNUSED_FUNCTION = YES;
				GCC_WARN_UNUSED_VARIABLE = YES;
				IPHONEOS_DEPLOYMENT_TARGET = 13.2;
				MTL_ENABLE_DEBUG_INFO = NO;
				MTL_FAST_MATH = YES;
				SDKROOT = iphoneos;
				SWIFT_COMPILATION_MODE = wholemodule;
				SWIFT_OPTIMIZATION_LEVEL = "-O";
				VALIDATE_PRODUCT = YES;
			};
			name = Release;
		};
		1A7B2FA3243C704F001FC394 /* Debug */ = {
			isa = XCBuildConfiguration;
			buildSettings = {
				ASSETCATALOG_COMPILER_APPICON_NAME = AppIcon;
				CODE_SIGN_STYLE = Automatic;
				INFOPLIST_FILE = flightwithu/Info.plist;
				LD_RUNPATH_SEARCH_PATHS = (
					"$(inherited)",
					"@executable_path/Frameworks",
				);
				PRODUCT_BUNDLE_IDENTIFIER = com.aggrework.flightwithu;
				PRODUCT_NAME = "$(TARGET_NAME)";
				SWIFT_VERSION = 5.0;
				TARGETED_DEVICE_FAMILY = "1,2";
			};
			name = Debug;
		};
		1A7B2FA4243C704F001FC394 /* Release */ = {
			isa = XCBuildConfiguration;
			buildSettings = {
				ASSETCATALOG_COMPILER_APPICON_NAME = AppIcon;
				CODE_SIGN_STYLE = Automatic;
				INFOPLIST_FILE = flightwithu/Info.plist;
				LD_RUNPATH_SEARCH_PATHS = (
					"$(inherited)",
					"@executable_path/Frameworks",
				);
				PRODUCT_BUNDLE_IDENTIFIER = com.aggrework.flightwithu;
				PRODUCT_NAME = "$(TARGET_NAME)";
				SWIFT_VERSION = 5.0;
				TARGETED_DEVICE_FAMILY = "1,2";
			};
			name = Release;
		};
/* End XCBuildConfiguration section */

/* Begin XCConfigurationList section */
		1A7B2F89243C704A001FC394 /* Build configuration list for PBXProject "flightwithu" */ = {
			isa = XCConfigurationList;
			buildConfigurations = (
				1A7B2FA0243C704F001FC394 /* Debug */,
				1A7B2FA1243C704F001FC394 /* Release */,
			);
			defaultConfigurationIsVisible = 0;
			defaultConfigurationName = Release;
		};
		1A7B2FA2243C704F001FC394 /* Build configuration list for PBXNativeTarget "flightwithu" */ = {
			isa = XCConfigurationList;
			buildConfigurations = (
				1A7B2FA3243C704F001FC394 /* Debug */,
				1A7B2FA4243C704F001FC394 /* Release */,
			);
			defaultConfigurationIsVisible = 0;
			defaultConfigurationName = Release;
		};
/* End XCConfigurationList section */
	};
	rootObject = 1A7B2F86243C704A001FC394 /* Project object */;
}
